
Microsoft Visual Studio Solution File, Format Version 12.00
# Visual Studio Version 17
VisualStudioVersion = 17.7.34031.279
MinimumVisualStudioVersion = 10.0.40219.1
Project("{FAE04EC0-301F-11D3-BF4B-00C04F79EFBC}") = "ssh-buttons_console-demo", "ssh-buttons_console-demo\ssh-buttons_console-demo.csproj", "{50243583-76DE-4FD0-80ED-424A8178469A}"
EndProject
Global
	GlobalSection(SolutionConfigurationPlatforms) = preSolution
		Debug|Any CPU = Debug|Any CPU
		Release|Any CPU = Release|Any CPU
	EndGlobalSection
	GlobalSection(ProjectConfigurationPlatforms) = postSolution
		{50243583-76DE-4FD0-80ED-424A8178469A}.Debug|Any CPU.ActiveCfg = Debug|Any CPU
		{50243583-76DE-4FD0-80ED-424A8178469A}.Debug|Any CPU.Build.0 = Debug|Any CPU
		{50243583-76DE-4FD0-80ED-424A8178469A}.Release|Any CPU.ActiveCfg = Release|Any CPU
		{50243583-76DE-4FD0-80ED-424A8178469A}.Release|Any CPU.Build.0 = Release|Any CPU
	EndGlobalSection
	GlobalSection(SolutionProperties) = preSolution
		HideSolutionNode = FALSE
	EndGlobalSection
	GlobalSection(ExtensibilityGlobals) = postSolution
		SolutionGuid = {7A1B4A7B-37FF-4F75-A8B5-8F7C9AFB8982}
	EndGlobalSection
EndGlobal
